// !$*UTF8*$!
{
	archiveVersion = 1;
	classes = {
	};
	objectVersion = 46;
	objects = {

/* Begin PBXAggregateTarget section */
		"RF24Swift::RF24SwiftPackageTests::ProductTarget" /* RF24SwiftPackageTests */ = {
			isa = PBXAggregateTarget;
			buildConfigurationList = OBJ_65 /* Build configuration list for PBXAggregateTarget "RF24SwiftPackageTests" */;
			buildPhases = (
			);
			dependencies = (
				OBJ_68 /* PBXTargetDependency */,
			);
			name = RF24SwiftPackageTests;
			productName = RF24SwiftPackageTests;
		};
/* End PBXAggregateTarget section */

/* Begin PBXBuildFile section */
		OBJ_41 /* compatibility.c in Sources */ = {isa = PBXBuildFile; fileRef = OBJ_11 /* compatibility.c */; };
		OBJ_42 /* gpio.c in Sources */ = {isa = PBXBuildFile; fileRef = OBJ_12 /* gpio.c */; };
		OBJ_43 /* queue.c in Sources */ = {isa = PBXBuildFile; fileRef = OBJ_13 /* queue.c */; };
		OBJ_44 /* rf24.c in Sources */ = {isa = PBXBuildFile; fileRef = OBJ_14 /* rf24.c */; };
		OBJ_45 /* rf24Stats.c in Sources */ = {isa = PBXBuildFile; fileRef = OBJ_15 /* rf24Stats.c */; };
		OBJ_46 /* spi.c in Sources */ = {isa = PBXBuildFile; fileRef = OBJ_16 /* spi.c */; };
		OBJ_47 /* tsqueue.c in Sources */ = {isa = PBXBuildFile; fileRef = OBJ_17 /* tsqueue.c */; };
		OBJ_54 /* RF24Swift.swift in Sources */ = {isa = PBXBuildFile; fileRef = OBJ_9 /* RF24Swift.swift */; };
		OBJ_56 /* RF24lib.framework in Frameworks */ = {isa = PBXBuildFile; fileRef = "RF24Swift::RF24lib::Product" /* RF24lib.framework */; };
		OBJ_63 /* Package.swift in Sources */ = {isa = PBXBuildFile; fileRef = OBJ_6 /* Package.swift */; };
		OBJ_74 /* RF24SwiftTests.swift in Sources */ = {isa = PBXBuildFile; fileRef = OBJ_30 /* RF24SwiftTests.swift */; };
		OBJ_75 /* XCTestManifests.swift in Sources */ = {isa = PBXBuildFile; fileRef = OBJ_31 /* XCTestManifests.swift */; };
		OBJ_77 /* RF24Swift.framework in Frameworks */ = {isa = PBXBuildFile; fileRef = "RF24Swift::RF24Swift::Product" /* RF24Swift.framework */; };
		OBJ_78 /* RF24lib.framework in Frameworks */ = {isa = PBXBuildFile; fileRef = "RF24Swift::RF24lib::Product" /* RF24lib.framework */; };
/* End PBXBuildFile section */

/* Begin PBXContainerItemProxy section */
		AFC78D1A22353B94008E5176 /* PBXContainerItemProxy */ = {
			isa = PBXContainerItemProxy;
			containerPortal = OBJ_1 /* Project object */;
			proxyType = 1;
			remoteGlobalIDString = "RF24Swift::RF24lib";
			remoteInfo = RF24lib;
		};
		AFC78D1B22353B94008E5176 /* PBXContainerItemProxy */ = {
			isa = PBXContainerItemProxy;
			containerPortal = OBJ_1 /* Project object */;
			proxyType = 1;
			remoteGlobalIDString = "RF24Swift::RF24Swift";
			remoteInfo = RF24Swift;
		};
		AFC78D1C22353B94008E5176 /* PBXContainerItemProxy */ = {
			isa = PBXContainerItemProxy;
			containerPortal = OBJ_1 /* Project object */;
			proxyType = 1;
			remoteGlobalIDString = "RF24Swift::RF24lib";
			remoteInfo = RF24lib;
		};
		AFC78D1D22353B94008E5176 /* PBXContainerItemProxy */ = {
			isa = PBXContainerItemProxy;
			containerPortal = OBJ_1 /* Project object */;
			proxyType = 1;
			remoteGlobalIDString = "RF24Swift::RF24SwiftTests";
			remoteInfo = RF24SwiftTests;
		};
/* End PBXContainerItemProxy section */

/* Begin PBXFileReference section */
		OBJ_11 /* compatibility.c */ = {isa = PBXFileReference; lastKnownFileType = sourcecode.c.c; path = compatibility.c; sourceTree = "<group>"; };
		OBJ_12 /* gpio.c */ = {isa = PBXFileReference; lastKnownFileType = sourcecode.c.c; path = gpio.c; sourceTree = "<group>"; };
		OBJ_13 /* queue.c */ = {isa = PBXFileReference; lastKnownFileType = sourcecode.c.c; path = queue.c; sourceTree = "<group>"; };
		OBJ_14 /* rf24.c */ = {isa = PBXFileReference; lastKnownFileType = sourcecode.c.c; path = rf24.c; sourceTree = "<group>"; };
		OBJ_15 /* rf24Stats.c */ = {isa = PBXFileReference; lastKnownFileType = sourcecode.c.c; path = rf24Stats.c; sourceTree = "<group>"; };
		OBJ_16 /* spi.c */ = {isa = PBXFileReference; lastKnownFileType = sourcecode.c.c; path = spi.c; sourceTree = "<group>"; };
		OBJ_17 /* tsqueue.c */ = {isa = PBXFileReference; lastKnownFileType = sourcecode.c.c; path = tsqueue.c; sourceTree = "<group>"; };
		OBJ_19 /* queue.h */ = {isa = PBXFileReference; lastKnownFileType = sourcecode.c.h; path = queue.h; sourceTree = "<group>"; };
		OBJ_20 /* nRF24L01.h */ = {isa = PBXFileReference; lastKnownFileType = sourcecode.c.h; path = nRF24L01.h; sourceTree = "<group>"; };
		OBJ_21 /* tsqueue.h */ = {isa = PBXFileReference; lastKnownFileType = sourcecode.c.h; path = tsqueue.h; sourceTree = "<group>"; };
		OBJ_22 /* compatibility.h */ = {isa = PBXFileReference; lastKnownFileType = sourcecode.c.h; path = compatibility.h; sourceTree = "<group>"; };
		OBJ_23 /* gpio.h */ = {isa = PBXFileReference; lastKnownFileType = sourcecode.c.h; path = gpio.h; sourceTree = "<group>"; };
		OBJ_24 /* rf24.h */ = {isa = PBXFileReference; lastKnownFileType = sourcecode.c.h; path = rf24.h; sourceTree = "<group>"; };
		OBJ_25 /* spi.h */ = {isa = PBXFileReference; lastKnownFileType = sourcecode.c.h; path = spi.h; sourceTree = "<group>"; };
		OBJ_26 /* rf24Stats.h */ = {isa = PBXFileReference; lastKnownFileType = sourcecode.c.h; path = rf24Stats.h; sourceTree = "<group>"; };
		OBJ_27 /* module.modulemap */ = {isa = PBXFileReference; lastKnownFileType = "sourcecode.module-map"; name = module.modulemap; path = /home/pi/Desktop/RF24Swift/RF24Swift.xcodeproj/GeneratedModuleMap/RF24lib/module.modulemap; sourceTree = "<group>"; };
		OBJ_30 /* RF24SwiftTests.swift */ = {isa = PBXFileReference; lastKnownFileType = sourcecode.swift; path = RF24SwiftTests.swift; sourceTree = "<group>"; };
		OBJ_31 /* XCTestManifests.swift */ = {isa = PBXFileReference; lastKnownFileType = sourcecode.swift; path = XCTestManifests.swift; sourceTree = "<group>"; };
		OBJ_6 /* Package.swift */ = {isa = PBXFileReference; explicitFileType = sourcecode.swift; path = Package.swift; sourceTree = "<group>"; };
		OBJ_9 /* RF24Swift.swift */ = {isa = PBXFileReference; lastKnownFileType = sourcecode.swift; path = RF24Swift.swift; sourceTree = "<group>"; };
		"RF24Swift::RF24Swift::Product" /* RF24Swift.framework */ = {isa = PBXFileReference; lastKnownFileType = wrapper.framework; path = RF24Swift.framework; sourceTree = BUILT_PRODUCTS_DIR; };
		"RF24Swift::RF24SwiftTests::Product" /* RF24SwiftTests.xctest */ = {isa = PBXFileReference; lastKnownFileType = file; path = RF24SwiftTests.xctest; sourceTree = BUILT_PRODUCTS_DIR; };
		"RF24Swift::RF24lib::Product" /* RF24lib.framework */ = {isa = PBXFileReference; lastKnownFileType = wrapper.framework; path = RF24lib.framework; sourceTree = BUILT_PRODUCTS_DIR; };
/* End PBXFileReference section */

/* Begin PBXFrameworksBuildPhase section */
		OBJ_48 /* Frameworks */ = {
			isa = PBXFrameworksBuildPhase;
			buildActionMask = 0;
			files = (
			);
			runOnlyForDeploymentPostprocessing = 0;
		};
		OBJ_55 /* Frameworks */ = {
			isa = PBXFrameworksBuildPhase;
			buildActionMask = 0;
			files = (
				OBJ_56 /* RF24lib.framework in Frameworks */,
			);
			runOnlyForDeploymentPostprocessing = 0;
		};
		OBJ_76 /* Frameworks */ = {
			isa = PBXFrameworksBuildPhase;
			buildActionMask = 0;
			files = (
				OBJ_77 /* RF24Swift.framework in Frameworks */,
				OBJ_78 /* RF24lib.framework in Frameworks */,
			);
			runOnlyForDeploymentPostprocessing = 0;
		};
/* End PBXFrameworksBuildPhase section */

/* Begin PBXGroup section */
		OBJ_10 /* rf24 */ = {
			isa = PBXGroup;
			children = (
				OBJ_11 /* compatibility.c */,
				OBJ_12 /* gpio.c */,
				OBJ_13 /* queue.c */,
				OBJ_14 /* rf24.c */,
				OBJ_15 /* rf24Stats.c */,
				OBJ_16 /* spi.c */,
				OBJ_17 /* tsqueue.c */,
				OBJ_18 /* include */,
			);
			name = rf24;
			path = Sources/rf24;
			sourceTree = SOURCE_ROOT;
		};
		OBJ_18 /* include */ = {
			isa = PBXGroup;
			children = (
				OBJ_19 /* queue.h */,
				OBJ_20 /* nRF24L01.h */,
				OBJ_21 /* tsqueue.h */,
				OBJ_22 /* compatibility.h */,
				OBJ_23 /* gpio.h */,
				OBJ_24 /* rf24.h */,
				OBJ_25 /* spi.h */,
				OBJ_26 /* rf24Stats.h */,
				OBJ_27 /* module.modulemap */,
			);
			path = include;
			sourceTree = "<group>";
		};
		OBJ_28 /* Tests */ = {
			isa = PBXGroup;
			children = (
				OBJ_29 /* RF24SwiftTests */,
			);
			name = Tests;
			sourceTree = SOURCE_ROOT;
		};
		OBJ_29 /* RF24SwiftTests */ = {
			isa = PBXGroup;
			children = (
				OBJ_30 /* RF24SwiftTests.swift */,
				OBJ_31 /* XCTestManifests.swift */,
			);
			name = RF24SwiftTests;
			path = Tests/RF24SwiftTests;
			sourceTree = SOURCE_ROOT;
		};
		OBJ_32 /* Products */ = {
			isa = PBXGroup;
			children = (
				"RF24Swift::RF24SwiftTests::Product" /* RF24SwiftTests.xctest */,
				"RF24Swift::RF24lib::Product" /* RF24lib.framework */,
				"RF24Swift::RF24Swift::Product" /* RF24Swift.framework */,
			);
			name = Products;
			sourceTree = BUILT_PRODUCTS_DIR;
		};
		OBJ_5 /*  */ = {
			isa = PBXGroup;
			children = (
				OBJ_6 /* Package.swift */,
				OBJ_7 /* Sources */,
				OBJ_28 /* Tests */,
				OBJ_32 /* Products */,
			);
			name = "";
			sourceTree = "<group>";
		};
		OBJ_7 /* Sources */ = {
			isa = PBXGroup;
			children = (
				OBJ_8 /* RF24Swift */,
				OBJ_10 /* rf24 */,
			);
			name = Sources;
			sourceTree = SOURCE_ROOT;
		};
		OBJ_8 /* RF24Swift */ = {
			isa = PBXGroup;
			children = (
				OBJ_9 /* RF24Swift.swift */,
			);
			name = RF24Swift;
			path = Sources/RF24Swift;
			sourceTree = SOURCE_ROOT;
		};
/* End PBXGroup section */

/* Begin PBXNativeTarget section */
		"RF24Swift::RF24Swift" /* RF24Swift */ = {
			isa = PBXNativeTarget;
			buildConfigurationList = OBJ_50 /* Build configuration list for PBXNativeTarget "RF24Swift" */;
			buildPhases = (
				OBJ_53 /* Sources */,
				OBJ_55 /* Frameworks */,
			);
			buildRules = (
			);
			dependencies = (
				OBJ_57 /* PBXTargetDependency */,
			);
			name = RF24Swift;
			productName = RF24Swift;
			productReference = "RF24Swift::RF24Swift::Product" /* RF24Swift.framework */;
			productType = "com.apple.product-type.framework";
		};
		"RF24Swift::RF24SwiftTests" /* RF24SwiftTests */ = {
			isa = PBXNativeTarget;
			buildConfigurationList = OBJ_70 /* Build configuration list for PBXNativeTarget "RF24SwiftTests" */;
			buildPhases = (
				OBJ_73 /* Sources */,
				OBJ_76 /* Frameworks */,
			);
			buildRules = (
			);
			dependencies = (
				OBJ_79 /* PBXTargetDependency */,
				OBJ_80 /* PBXTargetDependency */,
			);
			name = RF24SwiftTests;
			productName = RF24SwiftTests;
			productReference = "RF24Swift::RF24SwiftTests::Product" /* RF24SwiftTests.xctest */;
			productType = "com.apple.product-type.bundle.unit-test";
		};
		"RF24Swift::RF24lib" /* RF24lib */ = {
			isa = PBXNativeTarget;
			buildConfigurationList = OBJ_37 /* Build configuration list for PBXNativeTarget "RF24lib" */;
			buildPhases = (
				OBJ_40 /* Sources */,
				OBJ_48 /* Frameworks */,
			);
			buildRules = (
			);
			dependencies = (
			);
			name = RF24lib;
			productName = RF24lib;
			productReference = "RF24Swift::RF24lib::Product" /* RF24lib.framework */;
			productType = "com.apple.product-type.framework";
		};
		"RF24Swift::SwiftPMPackageDescription" /* RF24SwiftPackageDescription */ = {
			isa = PBXNativeTarget;
			buildConfigurationList = OBJ_59 /* Build configuration list for PBXNativeTarget "RF24SwiftPackageDescription" */;
			buildPhases = (
				OBJ_62 /* Sources */,
			);
			buildRules = (
			);
			dependencies = (
			);
			name = RF24SwiftPackageDescription;
			productName = RF24SwiftPackageDescription;
			productType = "com.apple.product-type.framework";
		};
/* End PBXNativeTarget section */

/* Begin PBXProject section */
		OBJ_1 /* Project object */ = {
			isa = PBXProject;
			attributes = {
				LastUpgradeCheck = 9999;
			};
			buildConfigurationList = OBJ_2 /* Build configuration list for PBXProject "RF24Swift" */;
			compatibilityVersion = "Xcode 3.2";
			developmentRegion = English;
			hasScannedForEncodings = 0;
			knownRegions = (
				en,
			);
			mainGroup = OBJ_5 /*  */;
			productRefGroup = OBJ_32 /* Products */;
			projectDirPath = "";
			projectRoot = "";
			targets = (
				"RF24Swift::RF24lib" /* RF24lib */,
				"RF24Swift::RF24Swift" /* RF24Swift */,
				"RF24Swift::SwiftPMPackageDescription" /* RF24SwiftPackageDescription */,
				"RF24Swift::RF24SwiftPackageTests::ProductTarget" /* RF24SwiftPackageTests */,
				"RF24Swift::RF24SwiftTests" /* RF24SwiftTests */,
			);
		};
/* End PBXProject section */

/* Begin PBXSourcesBuildPhase section */
		OBJ_40 /* Sources */ = {
			isa = PBXSourcesBuildPhase;
			buildActionMask = 0;
			files = (
				OBJ_41 /* compatibility.c in Sources */,
				OBJ_42 /* gpio.c in Sources */,
				OBJ_43 /* queue.c in Sources */,
				OBJ_44 /* rf24.c in Sources */,
				OBJ_45 /* rf24Stats.c in Sources */,
				OBJ_46 /* spi.c in Sources */,
				OBJ_47 /* tsqueue.c in Sources */,
			);
			runOnlyForDeploymentPostprocessing = 0;
		};
		OBJ_53 /* Sources */ = {
			isa = PBXSourcesBuildPhase;
			buildActionMask = 0;
			files = (
				OBJ_54 /* RF24Swift.swift in Sources */,
			);
			runOnlyForDeploymentPostprocessing = 0;
		};
		OBJ_62 /* Sources */ = {
			isa = PBXSourcesBuildPhase;
			buildActionMask = 0;
			files = (
				OBJ_63 /* Package.swift in Sources */,
			);
			runOnlyForDeploymentPostprocessing = 0;
		};
		OBJ_73 /* Sources */ = {
			isa = PBXSourcesBuildPhase;
			buildActionMask = 0;
			files = (
				OBJ_74 /* RF24SwiftTests.swift in Sources */,
				OBJ_75 /* XCTestManifests.swift in Sources */,
			);
			runOnlyForDeploymentPostprocessing = 0;
		};
/* End PBXSourcesBuildPhase section */

/* Begin PBXTargetDependency section */
		OBJ_57 /* PBXTargetDependency */ = {
			isa = PBXTargetDependency;
			target = "RF24Swift::RF24lib" /* RF24lib */;
			targetProxy = AFC78D1A22353B94008E5176 /* PBXContainerItemProxy */;
		};
		OBJ_68 /* PBXTargetDependency */ = {
			isa = PBXTargetDependency;
			target = "RF24Swift::RF24SwiftTests" /* RF24SwiftTests */;
			targetProxy = AFC78D1D22353B94008E5176 /* PBXContainerItemProxy */;
		};
		OBJ_79 /* PBXTargetDependency */ = {
			isa = PBXTargetDependency;
			target = "RF24Swift::RF24Swift" /* RF24Swift */;
			targetProxy = AFC78D1B22353B94008E5176 /* PBXContainerItemProxy */;
		};
		OBJ_80 /* PBXTargetDependency */ = {
			isa = PBXTargetDependency;
			target = "RF24Swift::RF24lib" /* RF24lib */;
			targetProxy = AFC78D1C22353B94008E5176 /* PBXContainerItemProxy */;
		};
/* End PBXTargetDependency section */

/* Begin XCBuildConfiguration section */
		OBJ_3 /* Debug */ = {
			isa = XCBuildConfiguration;
			buildSettings = {
				CLANG_ENABLE_OBJC_ARC = YES;
				COMBINE_HIDPI_IMAGES = YES;
				COPY_PHASE_STRIP = NO;
				DEBUG_INFORMATION_FORMAT = dwarf;
				DYLIB_INSTALL_NAME_BASE = "@rpath";
				ENABLE_NS_ASSERTIONS = YES;
				GCC_OPTIMIZATION_LEVEL = 0;
				MACOSX_DEPLOYMENT_TARGET = 10.10;
				ONLY_ACTIVE_ARCH = YES;
				OTHER_SWIFT_FLAGS = "-DXcode";
				PRODUCT_NAME = "$(TARGET_NAME)";
				SDKROOT = macosx;
				SUPPORTED_PLATFORMS = "macosx iphoneos iphonesimulator appletvos appletvsimulator watchos watchsimulator";
				SWIFT_ACTIVE_COMPILATION_CONDITIONS = SWIFT_PACKAGE;
				SWIFT_OPTIMIZATION_LEVEL = "-Onone";
				USE_HEADERMAP = NO;
			};
			name = Debug;
		};
		OBJ_38 /* Debug */ = {
			isa = XCBuildConfiguration;
			buildSettings = {
				DEFINES_MODULE = NO;
				ENABLE_TESTABILITY = YES;
				FRAMEWORK_SEARCH_PATHS = (
					"$(inherited)",
					"$(PLATFORM_DIR)/Developer/Library/Frameworks",
				);
				HEADER_SEARCH_PATHS = (
					"$(inherited)",
					"$(SRCROOT)/Sources/RF24lib/include",
				);
				INFOPLIST_FILE = RF24Swift.xcodeproj/RF24lib_Info.plist;
				LD_RUNPATH_SEARCH_PATHS = "$(inherited) $(TOOLCHAIN_DIR)/usr/lib/swift/macosx";
				OTHER_CFLAGS = "$(inherited)";
				OTHER_LDFLAGS = "$(inherited)";
				OTHER_SWIFT_FLAGS = "$(inherited)";
				PRODUCT_BUNDLE_IDENTIFIER = RF24lib;
				PRODUCT_MODULE_NAME = "$(TARGET_NAME:c99extidentifier)";
				PRODUCT_NAME = "$(TARGET_NAME:c99extidentifier)";
				SKIP_INSTALL = YES;
				TARGET_NAME = RF24lib;
			};
			name = Debug;
		};
		OBJ_39 /* Release */ = {
			isa = XCBuildConfiguration;
			buildSettings = {
				DEFINES_MODULE = NO;
				ENABLE_TESTABILITY = YES;
				FRAMEWORK_SEARCH_PATHS = (
					"$(inherited)",
					"$(PLATFORM_DIR)/Developer/Library/Frameworks",
				);
				HEADER_SEARCH_PATHS = (
					"$(inherited)",
					"$(SRCROOT)/Sources/RF24lib/include",
				);
				INFOPLIST_FILE = RF24Swift.xcodeproj/RF24lib_Info.plist;
				LD_RUNPATH_SEARCH_PATHS = "$(inherited) $(TOOLCHAIN_DIR)/usr/lib/swift/macosx";
				OTHER_CFLAGS = "$(inherited)";
				OTHER_LDFLAGS = "$(inherited)";
				OTHER_SWIFT_FLAGS = "$(inherited)";
				PRODUCT_BUNDLE_IDENTIFIER = RF24lib;
				PRODUCT_MODULE_NAME = "$(TARGET_NAME:c99extidentifier)";
				PRODUCT_NAME = "$(TARGET_NAME:c99extidentifier)";
				SKIP_INSTALL = YES;
				TARGET_NAME = RF24lib;
			};
			name = Release;
		};
		OBJ_4 /* Release */ = {
			isa = XCBuildConfiguration;
			buildSettings = {
				CLANG_ENABLE_OBJC_ARC = YES;
				COMBINE_HIDPI_IMAGES = YES;
				COPY_PHASE_STRIP = YES;
				DEBUG_INFORMATION_FORMAT = "dwarf-with-dsym";
				DYLIB_INSTALL_NAME_BASE = "@rpath";
				GCC_OPTIMIZATION_LEVEL = s;
				MACOSX_DEPLOYMENT_TARGET = 10.10;
				OTHER_SWIFT_FLAGS = "-DXcode";
				PRODUCT_NAME = "$(TARGET_NAME)";
				SDKROOT = macosx;
				SUPPORTED_PLATFORMS = "macosx iphoneos iphonesimulator appletvos appletvsimulator watchos watchsimulator";
				SWIFT_ACTIVE_COMPILATION_CONDITIONS = SWIFT_PACKAGE;
				SWIFT_OPTIMIZATION_LEVEL = "-Owholemodule";
				USE_HEADERMAP = NO;
			};
			name = Release;
		};
		OBJ_51 /* Debug */ = {
			isa = XCBuildConfiguration;
			buildSettings = {
				ENABLE_TESTABILITY = YES;
				FRAMEWORK_SEARCH_PATHS = (
					"$(inherited)",
					"$(PLATFORM_DIR)/Developer/Library/Frameworks",
				);
				HEADER_SEARCH_PATHS = (
					"$(inherited)",
					"$(SRCROOT)/Sources/RF24lib/include",
					"$(SRCROOT)/RF24Swift.xcodeproj/GeneratedModuleMap/RF24lib",
				);
				INFOPLIST_FILE = RF24Swift.xcodeproj/RF24Swift_Info.plist;
				LD_RUNPATH_SEARCH_PATHS = "$(inherited) $(TOOLCHAIN_DIR)/usr/lib/swift/macosx";
				OTHER_CFLAGS = "$(inherited)";
				OTHER_LDFLAGS = "$(inherited)";
				OTHER_SWIFT_FLAGS = "$(inherited) -Xcc -fmodule-map-file=$(SRCROOT)/RF24Swift.xcodeproj/GeneratedModuleMap/RF24lib/module.modulemap";
				PRODUCT_BUNDLE_IDENTIFIER = RF24Swift;
				PRODUCT_MODULE_NAME = "$(TARGET_NAME:c99extidentifier)";
				PRODUCT_NAME = "$(TARGET_NAME:c99extidentifier)";
				SKIP_INSTALL = YES;
				SWIFT_VERSION = 4.0;
				TARGET_NAME = RF24Swift;
			};
			name = Debug;
		};
		OBJ_52 /* Release */ = {
			isa = XCBuildConfiguration;
			buildSettings = {
				ENABLE_TESTABILITY = YES;
				FRAMEWORK_SEARCH_PATHS = (
					"$(inherited)",
					"$(PLATFORM_DIR)/Developer/Library/Frameworks",
				);
				HEADER_SEARCH_PATHS = (
					"$(inherited)",
					"$(SRCROOT)/Sources/RF24lib/include",
					"$(SRCROOT)/RF24Swift.xcodeproj/GeneratedModuleMap/RF24lib",
				);
				INFOPLIST_FILE = RF24Swift.xcodeproj/RF24Swift_Info.plist;
				LD_RUNPATH_SEARCH_PATHS = "$(inherited) $(TOOLCHAIN_DIR)/usr/lib/swift/macosx";
				OTHER_CFLAGS = "$(inherited)";
				OTHER_LDFLAGS = "$(inherited)";
				OTHER_SWIFT_FLAGS = "$(inherited) -Xcc -fmodule-map-file=$(SRCROOT)/RF24Swift.xcodeproj/GeneratedModuleMap/RF24lib/module.modulemap";
				PRODUCT_BUNDLE_IDENTIFIER = RF24Swift;
				PRODUCT_MODULE_NAME = "$(TARGET_NAME:c99extidentifier)";
				PRODUCT_NAME = "$(TARGET_NAME:c99extidentifier)";
				SKIP_INSTALL = YES;
				SWIFT_VERSION = 4.0;
				TARGET_NAME = RF24Swift;
			};
			name = Release;
		};
		OBJ_60 /* Debug */ = {
			isa = XCBuildConfiguration;
			buildSettings = {
				LD = /usr/bin/true;
				OTHER_SWIFT_FLAGS = "-swift-version 4 -I $(TOOLCHAIN_DIR)/usr/lib/swift/pm/4 -sdk /";
				SWIFT_VERSION = 4.0;
			};
			name = Debug;
		};
		OBJ_61 /* Release */ = {
			isa = XCBuildConfiguration;
			buildSettings = {
				LD = /usr/bin/true;
				OTHER_SWIFT_FLAGS = "-swift-version 4 -I $(TOOLCHAIN_DIR)/usr/lib/swift/pm/4 -sdk /";
				SWIFT_VERSION = 4.0;
			};
			name = Release;
		};
		OBJ_66 /* Debug */ = {
			isa = XCBuildConfiguration;
			buildSettings = {
			};
			name = Debug;
		};
		OBJ_67 /* Release */ = {
			isa = XCBuildConfiguration;
			buildSettings = {
			};
			name = Release;
		};
		OBJ_71 /* Debug */ = {
			isa = XCBuildConfiguration;
			buildSettings = {
				EMBEDDED_CONTENT_CONTAINS_SWIFT = YES;
				FRAMEWORK_SEARCH_PATHS = (
					"$(inherited)",
					"$(PLATFORM_DIR)/Developer/Library/Frameworks",
				);
				HEADER_SEARCH_PATHS = (
					"$(inherited)",
					"$(SRCROOT)/Sources/RF24lib/include",
					"$(SRCROOT)/RF24Swift.xcodeproj/GeneratedModuleMap/RF24lib",
				);
				INFOPLIST_FILE = RF24Swift.xcodeproj/RF24SwiftTests_Info.plist;
				LD_RUNPATH_SEARCH_PATHS = "$(inherited) @loader_path/../Frameworks @loader_path/Frameworks";
				OTHER_CFLAGS = "$(inherited)";
				OTHER_LDFLAGS = "$(inherited)";
				OTHER_SWIFT_FLAGS = "$(inherited) -Xcc -fmodule-map-file=$(SRCROOT)/RF24Swift.xcodeproj/GeneratedModuleMap/RF24lib/module.modulemap";
				SWIFT_VERSION = 4.0;
				TARGET_NAME = RF24SwiftTests;
			};
			name = Debug;
		};
		OBJ_72 /* Release */ = {
			isa = XCBuildConfiguration;
			buildSettings = {
				EMBEDDED_CONTENT_CONTAINS_SWIFT = YES;
				FRAMEWORK_SEARCH_PATHS = (
					"$(inherited)",
					"$(PLATFORM_DIR)/Developer/Library/Frameworks",
				);
				HEADER_SEARCH_PATHS = (
					"$(inherited)",
					"$(SRCROOT)/Sources/RF24lib/include",
					"$(SRCROOT)/RF24Swift.xcodeproj/GeneratedModuleMap/RF24lib",
				);
				INFOPLIST_FILE = RF24Swift.xcodeproj/RF24SwiftTests_Info.plist;
				LD_RUNPATH_SEARCH_PATHS = "$(inherited) @loader_path/../Frameworks @loader_path/Frameworks";
				OTHER_CFLAGS = "$(inherited)";
				OTHER_LDFLAGS = "$(inherited)";
				OTHER_SWIFT_FLAGS = "$(inherited) -Xcc -fmodule-map-file=$(SRCROOT)/RF24Swift.xcodeproj/GeneratedModuleMap/RF24lib/module.modulemap";
				SWIFT_VERSION = 4.0;
				TARGET_NAME = RF24SwiftTests;
			};
			name = Release;
		};
/* End XCBuildConfiguration section */

/* Begin XCConfigurationList section */
		OBJ_2 /* Build configuration list for PBXProject "RF24Swift" */ = {
			isa = XCConfigurationList;
			buildConfigurations = (
				OBJ_3 /* Debug */,
				OBJ_4 /* Release */,
			);
			defaultConfigurationIsVisible = 0;
			defaultConfigurationName = Release;
		};
		OBJ_37 /* Build configuration list for PBXNativeTarget "RF24lib" */ = {
			isa = XCConfigurationList;
			buildConfigurations = (
				OBJ_38 /* Debug */,
				OBJ_39 /* Release */,
			);
			defaultConfigurationIsVisible = 0;
			defaultConfigurationName = Release;
		};
		OBJ_50 /* Build configuration list for PBXNativeTarget "RF24Swift" */ = {
			isa = XCConfigurationList;
			buildConfigurations = (
				OBJ_51 /* Debug */,
				OBJ_52 /* Release */,
			);
			defaultConfigurationIsVisible = 0;
			defaultConfigurationName = Release;
		};
		OBJ_59 /* Build configuration list for PBXNativeTarget "RF24SwiftPackageDescription" */ = {
			isa = XCConfigurationList;
			buildConfigurations = (
				OBJ_60 /* Debug */,
				OBJ_61 /* Release */,
			);
			defaultConfigurationIsVisible = 0;
			defaultConfigurationName = Release;
		};
		OBJ_65 /* Build configuration list for PBXAggregateTarget "RF24SwiftPackageTests" */ = {
			isa = XCConfigurationList;
			buildConfigurations = (
				OBJ_66 /* Debug */,
				OBJ_67 /* Release */,
			);
			defaultConfigurationIsVisible = 0;
			defaultConfigurationName = Release;
		};
		OBJ_70 /* Build configuration list for PBXNativeTarget "RF24SwiftTests" */ = {
			isa = XCConfigurationList;
			buildConfigurations = (
				OBJ_71 /* Debug */,
				OBJ_72 /* Release */,
			);
			defaultConfigurationIsVisible = 0;
			defaultConfigurationName = Release;
		};
/* End XCConfigurationList section */
	};
	rootObject = OBJ_1 /* Project object */;
}
